
Microsoft Visual Studio Solution File, Format Version 12.00
# Visual Studio Version 17
VisualStudioVersion = 17.0.31912.275
MinimumVisualStudioVersion = 10.0.40219.1
Project("{9A19103F-16F7-4668-BE54-9A1E7A4F7556}") = "ParkBusinessLayer", "ParkBusinessLayer\ParkBusinessLayer.csproj", "{B196706B-D2C1-4951-B537-5AF027C9AD1E}"
EndProject
Project("{9A19103F-16F7-4668-BE54-9A1E7A4F7556}") = "ParkDataLayer", "ParkDataLayer\ParkDataLayer.csproj", "{A8ACEC7C-9673-4DC3-8295-EB665550024C}"
EndProject
Project("{2150E333-8FDC-42A3-9474-1A3956D46DE8}") = "ConsoleTestProjects", "ConsoleTestProjects", "{D9DCA079-FE5D-4D98-82C2-5A28D442EBC9}"
EndProject
Project("{9A19103F-16F7-4668-BE54-9A1E7A4F7556}") = "ModelTestConsoleApp", "ModelTestConsoleApp\ModelTestConsoleApp.csproj", "{7D451942-86EE-48CC-BDE0-DD1130B85541}"
EndProject
Project("{FAE04EC0-301F-11D3-BF4B-00C04F79EFBC}") = "ModelTestConsoleApp2", "ModelTestConsoleApp2\ModelTestConsoleApp2.csproj", "{3840F755-41C8-443E-8109-3267F705A6B7}"
EndProject
Global
	GlobalSection(SolutionConfigurationPlatforms) = preSolution
		Debug|Any CPU = Debug|Any CPU
		Release|Any CPU = Release|Any CPU
	EndGlobalSection
	GlobalSection(ProjectConfigurationPlatforms) = postSolution
		{B196706B-D2C1-4951-B537-5AF027C9AD1E}.Debug|Any CPU.ActiveCfg = Debug|Any CPU
		{B196706B-D2C1-4951-B537-5AF027C9AD1E}.Debug|Any CPU.Build.0 = Debug|Any CPU
		{B196706B-D2C1-4951-B537-5AF027C9AD1E}.Release|Any CPU.ActiveCfg = Release|Any CPU
		{B196706B-D2C1-4951-B537-5AF027C9AD1E}.Release|Any CPU.Build.0 = Release|Any CPU
		{A8ACEC7C-9673-4DC3-8295-EB665550024C}.Debug|Any CPU.ActiveCfg = Debug|Any CPU
		{A8ACEC7C-9673-4DC3-8295-EB665550024C}.Debug|Any CPU.Build.0 = Debug|Any CPU
		{A8ACEC7C-9673-4DC3-8295-EB665550024C}.Release|Any CPU.ActiveCfg = Release|Any CPU
		{A8ACEC7C-9673-4DC3-8295-EB665550024C}.Release|Any CPU.Build.0 = Release|Any CPU
		{7D451942-86EE-48CC-BDE0-DD1130B85541}.Debug|Any CPU.ActiveCfg = Debug|Any CPU
		{7D451942-86EE-48CC-BDE0-DD1130B85541}.Debug|Any CPU.Build.0 = Debug|Any CPU
		{7D451942-86EE-48CC-BDE0-DD1130B85541}.Release|Any CPU.ActiveCfg = Release|Any CPU
		{7D451942-86EE-48CC-BDE0-DD1130B85541}.Release|Any CPU.Build.0 = Release|Any CPU
		{3840F755-41C8-443E-8109-3267F705A6B7}.Debug|Any CPU.ActiveCfg = Debug|Any CPU
		{3840F755-41C8-443E-8109-3267F705A6B7}.Debug|Any CPU.Build.0 = Debug|Any CPU
		{3840F755-41C8-443E-8109-3267F705A6B7}.Release|Any CPU.ActiveCfg = Release|Any CPU
		{3840F755-41C8-443E-8109-3267F705A6B7}.Release|Any CPU.Build.0 = Release|Any CPU
	EndGlobalSection
	GlobalSection(SolutionProperties) = preSolution
		HideSolutionNode = FALSE
	EndGlobalSection
	GlobalSection(NestedProjects) = preSolution
		{7D451942-86EE-48CC-BDE0-DD1130B85541} = {D9DCA079-FE5D-4D98-82C2-5A28D442EBC9}
		{3840F755-41C8-443E-8109-3267F705A6B7} = {D9DCA079-FE5D-4D98-82C2-5A28D442EBC9}
	EndGlobalSection
	GlobalSection(ExtensibilityGlobals) = postSolution
		SolutionGuid = {77459B4C-C7C7-4163-904A-055C5800965E}
	EndGlobalSection
EndGlobal
